PODS:
  - Capacitor (7.4.0):
    - CapacitorCordova
  - CapacitorCordova (7.4.0)

DEPENDENCIES:
  - "Capacitor (from `../../node_modules/@capacitor/ios`)"
  - "CapacitorCordova (from `../../node_modules/@capacitor/ios`)"

EXTERNAL SOURCES:
  Capacitor:
    :path: "../../node_modules/@capacitor/ios"
  CapacitorCordova:
    :path: "../../node_modules/@capacitor/ios"

SPEC CHECKSUMS:
  Capacitor: 10feab36396883c55373328124a677f118cd4b5f
  CapacitorCordova: 723e017d8a80ab2ede9959fbe37556c35ac860d5

PODFILE CHECKSUM: e5aad413742a07f9e736126612b43b6c058babcd

COCOAPODS: 1.16.2
